
Microsoft Visual Studio Solution File, Format Version 12.00
# Visual Studio Version 16
VisualStudioVersion = 16.0.30011.22
MinimumVisualStudioVersion = 10.0.40219.1
Project("{FAE04EC0-301F-11D3-BF4B-00C04F79EFBC}") = "PROJETOTESTE2", "PROJETOTESTE2\PROJETOTESTE2.csproj", "{0F3C828B-295E-43DB-B2C5-12C116665F25}"
EndProject
Global
	GlobalSection(SolutionConfigurationPlatforms) = preSolution
		Debug|Any CPU = Debug|Any CPU
		Release|Any CPU = Release|Any CPU
	EndGlobalSection
	GlobalSection(ProjectConfigurationPlatforms) = postSolution
		{0F3C828B-295E-43DB-B2C5-12C116665F25}.Debug|Any CPU.ActiveCfg = Debug|Any CPU
		{0F3C828B-295E-43DB-B2C5-12C116665F25}.Debug|Any CPU.Build.0 = Debug|Any CPU
		{0F3C828B-295E-43DB-B2C5-12C116665F25}.Release|Any CPU.ActiveCfg = Release|Any CPU
		{0F3C828B-295E-43DB-B2C5-12C116665F25}.Release|Any CPU.Build.0 = Release|Any CPU
	EndGlobalSection
	GlobalSection(SolutionProperties) = preSolution
		HideSolutionNode = FALSE
	EndGlobalSection
	GlobalSection(ExtensibilityGlobals) = postSolution
		SolutionGuid = {CCCCBC41-C79C-4164-A762-02223413EF3A}
	EndGlobalSection
EndGlobal
